<?xml version="1.0" encoding="utf-8"?>
<Project ToolsVersion="4.0" xmlns="http://schemas.microsoft.com/developer/msbuild/2003">
  <ItemGroup>
    <ClCompile Include="source\GameMain.cpp" />
    <ClCompile Include="source\main.cpp" />
    <ClCompile Include="source\PadInput.cpp" />
    <ClCompile Include="source\SceneManager.cpp" />
    <ClCompile Include="source\Stage.cpp" />
    <ClCompile Include="source\Title.cpp" />
    <ClCompile Include="source\Enemy.cpp" />
    <ClCompile Include="source\Player.cpp" />
    <ClCompile Include="source\BoxCollision.cpp" />
  </ItemGroup>
  <ItemGroup>
    <ClInclude Include="source\AbstractScene.h" />
    <ClInclude Include="source\common.h" />
    <ClInclude Include="source\GameMain.h" />
    <ClInclude Include="source\PadInput.h" />
    <ClInclude Include="source\SceneManager.h" />
    <ClInclude Include="source\Stage.h" />
    <ClInclude Include="source\Title.h" />
    <ClInclude Include="source\Enemy.h" />
    <ClInclude Include="source\Player.h" />
    <ClInclude Include="source\BoxCollision.h" />
    <ClInclude Include="source\Fps.h" />
    <ClInclude Include="source\Struct.h" />
  </ItemGroup>
  <ItemGroup>
    <Text Include="source\Log.txt" />
  </ItemGroup>
</Project>